
Microsoft Visual Studio Solution File, Format Version 12.00
# Visual Studio Version 17
VisualStudioVersion = 17.3.32929.385
MinimumVisualStudioVersion = 10.0.40219.1
Project("{FAE04EC0-301F-11D3-BF4B-00C04F79EFBC}") = "DeEncrypt_RSA", "DeEncrypt_RSA\DeEncrypt_RSA.csproj", "{0F68E272-46B7-44CC-AA7E-5E624ED112F1}"
EndProject
Global
	GlobalSection(SolutionConfigurationPlatforms) = preSolution
		Debug|Any CPU = Debug|Any CPU
		Release|Any CPU = Release|Any CPU
	EndGlobalSection
	GlobalSection(ProjectConfigurationPlatforms) = postSolution
		{0F68E272-46B7-44CC-AA7E-5E624ED112F1}.Debug|Any CPU.ActiveCfg = Debug|Any CPU
		{0F68E272-46B7-44CC-AA7E-5E624ED112F1}.Debug|Any CPU.Build.0 = Debug|Any CPU
		{0F68E272-46B7-44CC-AA7E-5E624ED112F1}.Release|Any CPU.ActiveCfg = Release|Any CPU
		{0F68E272-46B7-44CC-AA7E-5E624ED112F1}.Release|Any CPU.Build.0 = Release|Any CPU
	EndGlobalSection
	GlobalSection(SolutionProperties) = preSolution
		HideSolutionNode = FALSE
	EndGlobalSection
	GlobalSection(ExtensibilityGlobals) = postSolution
		SolutionGuid = {0FF92F2A-C003-4CB3-BD5E-F1E18CFA136B}
	EndGlobalSection
EndGlobal
